// !$*UTF8*$!
{
	archiveVersion = 1;
	classes = {
	};
	objectVersion = 56;
	objects = {

/* Begin PBXBuildFile section */
		AC0075732C9DEBCE000E75C8 /* webrogue_runtime in Embed Helper Tools */ = {isa = PBXBuildFile; fileRef = AC00A2992C9DCF4C001F3ADD /* webrogue_runtime */; settings = {ATTRIBUTES = (CodeSignOnCopy, ); }; };
		AC009F342C9E1757000E75C8 /* libEGL.dylib in Embed Helper Tools */ = {isa = PBXBuildFile; fileRef = AC009F312C9E1742000E75C8 /* libEGL.dylib */; settings = {ATTRIBUTES = (CodeSignOnCopy, ); }; };
		AC009F352C9E1757000E75C8 /* libGLESv2.dylib in Embed Helper Tools */ = {isa = PBXBuildFile; fileRef = AC009F302C9E1742000E75C8 /* libGLESv2.dylib */; settings = {ATTRIBUTES = (CodeSignOnCopy, ); }; };
		AC009F472C9E1805000E75C8 /* JavaScriptCore.framework in Frameworks */ = {isa = PBXBuildFile; fileRef = AC009F462C9E1805000E75C8 /* JavaScriptCore.framework */; };
		AC009F492C9E1814000E75C8 /* AudioToolbox.framework in Frameworks */ = {isa = PBXBuildFile; fileRef = AC009F482C9E1814000E75C8 /* AudioToolbox.framework */; };
		AC009F4B2C9E1818000E75C8 /* Carbon.framework in Frameworks */ = {isa = PBXBuildFile; fileRef = AC009F4A2C9E1818000E75C8 /* Carbon.framework */; };
		AC009F4D2C9E1820000E75C8 /* Cocoa.framework in Frameworks */ = {isa = PBXBuildFile; fileRef = AC009F4C2C9E1820000E75C8 /* Cocoa.framework */; };
		AC009F4F2C9E1825000E75C8 /* CoreAudio.framework in Frameworks */ = {isa = PBXBuildFile; fileRef = AC009F4E2C9E1825000E75C8 /* CoreAudio.framework */; };
		AC009F512C9E182F000E75C8 /* CoreFoundation.framework in Frameworks */ = {isa = PBXBuildFile; fileRef = AC009F502C9E182F000E75C8 /* CoreFoundation.framework */; };
		AC009F532C9E1836000E75C8 /* CoreHaptics.framework in Frameworks */ = {isa = PBXBuildFile; fileRef = AC009F522C9E1836000E75C8 /* CoreHaptics.framework */; };
		AC009F552C9E183A000E75C8 /* CoreVideo.framework in Frameworks */ = {isa = PBXBuildFile; fileRef = AC009F542C9E183A000E75C8 /* CoreVideo.framework */; };
		AC009F572C9E183E000E75C8 /* ForceFeedback.framework in Frameworks */ = {isa = PBXBuildFile; fileRef = AC009F562C9E183E000E75C8 /* ForceFeedback.framework */; };
		AC009F592C9E1847000E75C8 /* GameController.framework in Frameworks */ = {isa = PBXBuildFile; fileRef = AC009F582C9E1847000E75C8 /* GameController.framework */; };
		AC009F5B2C9E184B000E75C8 /* IOKit.framework in Frameworks */ = {isa = PBXBuildFile; fileRef = AC009F5A2C9E184B000E75C8 /* IOKit.framework */; };
		AC009F5D2C9E1854000E75C8 /* Metal.framework in Frameworks */ = {isa = PBXBuildFile; fileRef = AC009F5C2C9E1854000E75C8 /* Metal.framework */; };
		AC009F5F2C9E1858000E75C8 /* Quartz.framework in Frameworks */ = {isa = PBXBuildFile; fileRef = AC009F5E2C9E1858000E75C8 /* Quartz.framework */; };
		AC009F612C9E188E000E75C8 /* AudioToolbox.framework in Frameworks */ = {isa = PBXBuildFile; fileRef = AC009F602C9E188E000E75C8 /* AudioToolbox.framework */; };
		AC009F632C9E1896000E75C8 /* AVFoundation.framework in Frameworks */ = {isa = PBXBuildFile; fileRef = AC009F622C9E1896000E75C8 /* AVFoundation.framework */; };
		AC009F652C9E189A000E75C8 /* CoreAudio.framework in Frameworks */ = {isa = PBXBuildFile; fileRef = AC009F642C9E189A000E75C8 /* CoreAudio.framework */; };
		AC009F672C9E18A9000E75C8 /* CoreBluetooth.framework in Frameworks */ = {isa = PBXBuildFile; fileRef = AC009F662C9E18A9000E75C8 /* CoreBluetooth.framework */; };
		AC009F692C9E18AD000E75C8 /* CoreFoundation.framework in Frameworks */ = {isa = PBXBuildFile; fileRef = AC009F682C9E18AD000E75C8 /* CoreFoundation.framework */; };
		AC009F6B2C9E18B7000E75C8 /* CoreGraphics.framework in Frameworks */ = {isa = PBXBuildFile; fileRef = AC009F6A2C9E18B7000E75C8 /* CoreGraphics.framework */; };
		AC009F6D2C9E18BD000E75C8 /* CoreHaptics.framework in Frameworks */ = {isa = PBXBuildFile; fileRef = AC009F6C2C9E18BD000E75C8 /* CoreHaptics.framework */; };
		AC009F6F2C9E18C0000E75C8 /* CoreMotion.framework in Frameworks */ = {isa = PBXBuildFile; fileRef = AC009F6E2C9E18C0000E75C8 /* CoreMotion.framework */; };
		AC009F712C9E18CC000E75C8 /* CoreVideo.framework in Frameworks */ = {isa = PBXBuildFile; fileRef = AC009F702C9E18CC000E75C8 /* CoreVideo.framework */; };
		AC009F732C9E18D0000E75C8 /* GameController.framework in Frameworks */ = {isa = PBXBuildFile; fileRef = AC009F722C9E18D0000E75C8 /* GameController.framework */; };
		AC009F752C9E18D5000E75C8 /* IOKit.framework in Frameworks */ = {isa = PBXBuildFile; fileRef = AC009F742C9E18D5000E75C8 /* IOKit.framework */; };
		AC009F772C9E18E3000E75C8 /* Metal.framework in Frameworks */ = {isa = PBXBuildFile; fileRef = AC009F762C9E18E2000E75C8 /* Metal.framework */; };
		AC009F792C9E18E6000E75C8 /* OpenGLES.framework in Frameworks */ = {isa = PBXBuildFile; fileRef = AC009F782C9E18E6000E75C8 /* OpenGLES.framework */; };
		AC009F7B2C9E18F6000E75C8 /* QuartzCore.framework in Frameworks */ = {isa = PBXBuildFile; fileRef = AC009F7A2C9E18F6000E75C8 /* QuartzCore.framework */; };
		AC009F7D2C9E18FA000E75C8 /* UIKit.framework in Frameworks */ = {isa = PBXBuildFile; fileRef = AC009F7C2C9E18FA000E75C8 /* UIKit.framework */; };
		AC009F7F2C9E195D000E75C8 /* JavaScriptCore.framework in Frameworks */ = {isa = PBXBuildFile; fileRef = AC009F7E2C9E195D000E75C8 /* JavaScriptCore.framework */; };
		AC009F812C9E1972000E75C8 /* libSDL2.a in Frameworks */ = {isa = PBXBuildFile; fileRef = AC009F802C9E1972000E75C8 /* libSDL2.a */; };
		AC00A2942C9DBFBA001F3ADD /* Assets.xcassets in Resources */ = {isa = PBXBuildFile; fileRef = AC1DB2FB2C9D921000483ACC /* Assets.xcassets */; };
		AC00A29C2C9DCF4C001F3ADD /* main.m in Sources */ = {isa = PBXBuildFile; fileRef = AC00A29B2C9DCF4C001F3ADD /* main.m */; };
		AC00A2AA2C9DD686001F3ADD /* libSDL2.a in Frameworks */ = {isa = PBXBuildFile; fileRef = AC00A2A92C9DD686001F3ADD /* libSDL2.a */; };
		AC00A2B22C9DD779001F3ADD /* webrogue_gfx_ffi_sdl2.c in Sources */ = {isa = PBXBuildFile; fileRef = AC00A2B12C9DD779001F3ADD /* webrogue_gfx_ffi_sdl2.c */; };
		AC00A2B32C9DD77F001F3ADD /* webrogue_gfx_ffi_sdl2.c in Sources */ = {isa = PBXBuildFile; fileRef = AC00A2B12C9DD779001F3ADD /* webrogue_gfx_ffi_sdl2.c */; };
		AC134CD02C9D8F5B00E52C69 /* WebrogueAppDelegate.swift in Sources */ = {isa = PBXBuildFile; fileRef = AC3714432C9D89B400E98A6A /* WebrogueAppDelegate.swift */; };
		AC134CD12C9D8F5F00E52C69 /* WebrogueUIViewController.swift in Sources */ = {isa = PBXBuildFile; fileRef = AC3714442C9D89B400E98A6A /* WebrogueUIViewController.swift */; };
		AC134CD22C9D8F6200E52C69 /* WebrogueView.swift in Sources */ = {isa = PBXBuildFile; fileRef = AC3714452C9D89B400E98A6A /* WebrogueView.swift */; };
		AC134CD42C9D8F6A00E52C69 /* main.mm in Sources */ = {isa = PBXBuildFile; fileRef = AC3714402C9D89B400E98A6A /* main.mm */; };
		AC1DB3042C9D922300483ACC /* launcherApp.swift in Sources */ = {isa = PBXBuildFile; fileRef = AC1DB2FE2C9D921000483ACC /* launcherApp.swift */; };
		AC1DB3052C9D922800483ACC /* ContentView.swift in Sources */ = {isa = PBXBuildFile; fileRef = AC1DB2FC2C9D921000483ACC /* ContentView.swift */; };
		AC1FE61A2C97350B005F5D40 /* Assets.xcassets in Resources */ = {isa = PBXBuildFile; fileRef = AC1FE6182C97350B005F5D40 /* Assets.xcassets */; };
		AC1FE61D2C973799005F5D40 /* LaunchScreen.storyboard in Resources */ = {isa = PBXBuildFile; fileRef = AC1FE61C2C973798005F5D40 /* LaunchScreen.storyboard */; };
/* End PBXBuildFile section */

/* Begin PBXContainerItemProxy section */
		AC00A2A42C9DD45D001F3ADD /* PBXContainerItemProxy */ = {
			isa = PBXContainerItemProxy;
			containerPortal = AC1FE5DC2C972E0F005F5D40 /* Project object */;
			proxyType = 1;
			remoteGlobalIDString = AC00A2A02C9DD0A0001F3ADD;
			remoteInfo = cargo_macos;
		};
		AC00A2A62C9DD466001F3ADD /* PBXContainerItemProxy */ = {
			isa = PBXContainerItemProxy;
			containerPortal = AC1FE5DC2C972E0F005F5D40 /* Project object */;
			proxyType = 1;
			remoteGlobalIDString = AC00A2982C9DCF4C001F3ADD;
			remoteInfo = webrogue_runtime;
		};
		ACF1A7A02C985FFC0015B916 /* PBXContainerItemProxy */ = {
			isa = PBXContainerItemProxy;
			containerPortal = AC1FE5DC2C972E0F005F5D40 /* Project object */;
			proxyType = 1;
			remoteGlobalIDString = AC1FE62D2C977935005F5D40;
			remoteInfo = cargo;
		};
/* End PBXContainerItemProxy section */

/* Begin PBXCopyFilesBuildPhase section */
		AC0075722C9DEBBD000E75C8 /* Embed Helper Tools */ = {
			isa = PBXCopyFilesBuildPhase;
			buildActionMask = 2147483647;
			dstPath = "";
			dstSubfolderSpec = 6;
			files = (
				AC009F342C9E1757000E75C8 /* libEGL.dylib in Embed Helper Tools */,
				AC009F352C9E1757000E75C8 /* libGLESv2.dylib in Embed Helper Tools */,
				AC0075732C9DEBCE000E75C8 /* webrogue_runtime in Embed Helper Tools */,
			);
			name = "Embed Helper Tools";
			runOnlyForDeploymentPostprocessing = 0;
		};
		AC0083512C9E0793000E75C8 /* CopyFiles */ = {
			isa = PBXCopyFilesBuildPhase;
			buildActionMask = 2147483647;
			dstPath = "";
			dstSubfolderSpec = 16;
			files = (
			);
			runOnlyForDeploymentPostprocessing = 0;
		};
/* End PBXCopyFilesBuildPhase section */

/* Begin PBXFileReference section */
		AC00835F2C9E0BB0000E75C8 /* runtime.entitlements */ = {isa = PBXFileReference; fileEncoding = 4; lastKnownFileType = text.plist.entitlements; path = runtime.entitlements; sourceTree = "<group>"; };
		AC009F302C9E1742000E75C8 /* libGLESv2.dylib */ = {isa = PBXFileReference; lastKnownFileType = "compiled.mach-o.dylib"; path = libGLESv2.dylib; sourceTree = "<group>"; };
		AC009F312C9E1742000E75C8 /* libEGL.dylib */ = {isa = PBXFileReference; lastKnownFileType = "compiled.mach-o.dylib"; path = libEGL.dylib; sourceTree = "<group>"; };
		AC009F372C9E17C9000E75C8 /* libSDL2.a */ = {isa = PBXFileReference; lastKnownFileType = archive.ar; name = libSDL2.a; path = "../../../Library/Developer/Xcode/DerivedData/webrogue-abzsnfivuvgrlwgdtioifbakhiax/Build/Products/Debug/libSDL2.a"; sourceTree = "<group>"; };
		AC009F462C9E1805000E75C8 /* JavaScriptCore.framework */ = {isa = PBXFileReference; lastKnownFileType = wrapper.framework; name = JavaScriptCore.framework; path = System/Library/Frameworks/JavaScriptCore.framework; sourceTree = SDKROOT; };
		AC009F482C9E1814000E75C8 /* AudioToolbox.framework */ = {isa = PBXFileReference; lastKnownFileType = wrapper.framework; name = AudioToolbox.framework; path = System/Library/Frameworks/AudioToolbox.framework; sourceTree = SDKROOT; };
		AC009F4A2C9E1818000E75C8 /* Carbon.framework */ = {isa = PBXFileReference; lastKnownFileType = wrapper.framework; name = Carbon.framework; path = System/Library/Frameworks/Carbon.framework; sourceTree = SDKROOT; };
		AC009F4C2C9E1820000E75C8 /* Cocoa.framework */ = {isa = PBXFileReference; lastKnownFileType = wrapper.framework; name = Cocoa.framework; path = System/Library/Frameworks/Cocoa.framework; sourceTree = SDKROOT; };
		AC009F4E2C9E1825000E75C8 /* CoreAudio.framework */ = {isa = PBXFileReference; lastKnownFileType = wrapper.framework; name = CoreAudio.framework; path = System/Library/Frameworks/CoreAudio.framework; sourceTree = SDKROOT; };
		AC009F502C9E182F000E75C8 /* CoreFoundation.framework */ = {isa = PBXFileReference; lastKnownFileType = wrapper.framework; name = CoreFoundation.framework; path = System/Library/Frameworks/CoreFoundation.framework; sourceTree = SDKROOT; };
		AC009F522C9E1836000E75C8 /* CoreHaptics.framework */ = {isa = PBXFileReference; lastKnownFileType = wrapper.framework; name = CoreHaptics.framework; path = System/Library/Frameworks/CoreHaptics.framework; sourceTree = SDKROOT; };
		AC009F542C9E183A000E75C8 /* CoreVideo.framework */ = {isa = PBXFileReference; lastKnownFileType = wrapper.framework; name = CoreVideo.framework; path = System/Library/Frameworks/CoreVideo.framework; sourceTree = SDKROOT; };
		AC009F562C9E183E000E75C8 /* ForceFeedback.framework */ = {isa = PBXFileReference; lastKnownFileType = wrapper.framework; name = ForceFeedback.framework; path = System/Library/Frameworks/ForceFeedback.framework; sourceTree = SDKROOT; };
		AC009F582C9E1847000E75C8 /* GameController.framework */ = {isa = PBXFileReference; lastKnownFileType = wrapper.framework; name = GameController.framework; path = System/Library/Frameworks/GameController.framework; sourceTree = SDKROOT; };
		AC009F5A2C9E184B000E75C8 /* IOKit.framework */ = {isa = PBXFileReference; lastKnownFileType = wrapper.framework; name = IOKit.framework; path = System/Library/Frameworks/IOKit.framework; sourceTree = SDKROOT; };
		AC009F5C2C9E1854000E75C8 /* Metal.framework */ = {isa = PBXFileReference; lastKnownFileType = wrapper.framework; name = Metal.framework; path = System/Library/Frameworks/Metal.framework; sourceTree = SDKROOT; };
		AC009F5E2C9E1858000E75C8 /* Quartz.framework */ = {isa = PBXFileReference; lastKnownFileType = wrapper.framework; name = Quartz.framework; path = System/Library/Frameworks/Quartz.framework; sourceTree = SDKROOT; };
		AC009F602C9E188E000E75C8 /* AudioToolbox.framework */ = {isa = PBXFileReference; lastKnownFileType = wrapper.framework; name = AudioToolbox.framework; path = Platforms/iPhoneOS.platform/Developer/SDKs/iPhoneOS17.5.sdk/System/Library/Frameworks/AudioToolbox.framework; sourceTree = DEVELOPER_DIR; };
		AC009F622C9E1896000E75C8 /* AVFoundation.framework */ = {isa = PBXFileReference; lastKnownFileType = wrapper.framework; name = AVFoundation.framework; path = Platforms/iPhoneOS.platform/Developer/SDKs/iPhoneOS17.5.sdk/System/Library/Frameworks/AVFoundation.framework; sourceTree = DEVELOPER_DIR; };
		AC009F642C9E189A000E75C8 /* CoreAudio.framework */ = {isa = PBXFileReference; lastKnownFileType = wrapper.framework; name = CoreAudio.framework; path = Platforms/iPhoneOS.platform/Developer/SDKs/iPhoneOS17.5.sdk/System/Library/Frameworks/CoreAudio.framework; sourceTree = DEVELOPER_DIR; };
		AC009F662C9E18A9000E75C8 /* CoreBluetooth.framework */ = {isa = PBXFileReference; lastKnownFileType = wrapper.framework; name = CoreBluetooth.framework; path = Platforms/iPhoneOS.platform/Developer/SDKs/iPhoneOS17.5.sdk/System/Library/Frameworks/CoreBluetooth.framework; sourceTree = DEVELOPER_DIR; };
		AC009F682C9E18AD000E75C8 /* CoreFoundation.framework */ = {isa = PBXFileReference; lastKnownFileType = wrapper.framework; name = CoreFoundation.framework; path = Platforms/iPhoneOS.platform/Developer/SDKs/iPhoneOS17.5.sdk/System/Library/Frameworks/CoreFoundation.framework; sourceTree = DEVELOPER_DIR; };
		AC009F6A2C9E18B7000E75C8 /* CoreGraphics.framework */ = {isa = PBXFileReference; lastKnownFileType = wrapper.framework; name = CoreGraphics.framework; path = Platforms/iPhoneOS.platform/Developer/SDKs/iPhoneOS17.5.sdk/System/Library/Frameworks/CoreGraphics.framework; sourceTree = DEVELOPER_DIR; };
		AC009F6C2C9E18BD000E75C8 /* CoreHaptics.framework */ = {isa = PBXFileReference; lastKnownFileType = wrapper.framework; name = CoreHaptics.framework; path = Platforms/iPhoneOS.platform/Developer/SDKs/iPhoneOS17.5.sdk/System/Library/Frameworks/CoreHaptics.framework; sourceTree = DEVELOPER_DIR; };
		AC009F6E2C9E18C0000E75C8 /* CoreMotion.framework */ = {isa = PBXFileReference; lastKnownFileType = wrapper.framework; name = CoreMotion.framework; path = Platforms/iPhoneOS.platform/Developer/SDKs/iPhoneOS17.5.sdk/System/Library/Frameworks/CoreMotion.framework; sourceTree = DEVELOPER_DIR; };
		AC009F702C9E18CC000E75C8 /* CoreVideo.framework */ = {isa = PBXFileReference; lastKnownFileType = wrapper.framework; name = CoreVideo.framework; path = Platforms/iPhoneOS.platform/Developer/SDKs/iPhoneOS17.5.sdk/System/Library/Frameworks/CoreVideo.framework; sourceTree = DEVELOPER_DIR; };
		AC009F722C9E18D0000E75C8 /* GameController.framework */ = {isa = PBXFileReference; lastKnownFileType = wrapper.framework; name = GameController.framework; path = Platforms/iPhoneOS.platform/Developer/SDKs/iPhoneOS17.5.sdk/System/Library/Frameworks/GameController.framework; sourceTree = DEVELOPER_DIR; };
		AC009F742C9E18D5000E75C8 /* IOKit.framework */ = {isa = PBXFileReference; lastKnownFileType = wrapper.framework; name = IOKit.framework; path = Platforms/iPhoneOS.platform/Developer/SDKs/iPhoneOS17.5.sdk/System/Library/Frameworks/IOKit.framework; sourceTree = DEVELOPER_DIR; };
		AC009F762C9E18E2000E75C8 /* Metal.framework */ = {isa = PBXFileReference; lastKnownFileType = wrapper.framework; name = Metal.framework; path = Platforms/iPhoneOS.platform/Developer/SDKs/iPhoneOS17.5.sdk/System/Library/Frameworks/Metal.framework; sourceTree = DEVELOPER_DIR; };
		AC009F782C9E18E6000E75C8 /* OpenGLES.framework */ = {isa = PBXFileReference; lastKnownFileType = wrapper.framework; name = OpenGLES.framework; path = Platforms/iPhoneOS.platform/Developer/SDKs/iPhoneOS17.5.sdk/System/Library/Frameworks/OpenGLES.framework; sourceTree = DEVELOPER_DIR; };
		AC009F7A2C9E18F6000E75C8 /* QuartzCore.framework */ = {isa = PBXFileReference; lastKnownFileType = wrapper.framework; name = QuartzCore.framework; path = Platforms/iPhoneOS.platform/Developer/SDKs/iPhoneOS17.5.sdk/System/Library/Frameworks/QuartzCore.framework; sourceTree = DEVELOPER_DIR; };
		AC009F7C2C9E18FA000E75C8 /* UIKit.framework */ = {isa = PBXFileReference; lastKnownFileType = wrapper.framework; name = UIKit.framework; path = Platforms/iPhoneOS.platform/Developer/SDKs/iPhoneOS17.5.sdk/System/Library/Frameworks/UIKit.framework; sourceTree = DEVELOPER_DIR; };
		AC009F7E2C9E195D000E75C8 /* JavaScriptCore.framework */ = {isa = PBXFileReference; lastKnownFileType = wrapper.framework; name = JavaScriptCore.framework; path = Platforms/iPhoneOS.platform/Developer/SDKs/iPhoneOS17.5.sdk/System/Library/Frameworks/JavaScriptCore.framework; sourceTree = DEVELOPER_DIR; };
		AC009F802C9E1972000E75C8 /* libSDL2.a */ = {isa = PBXFileReference; explicitFileType = archive.ar; path = libSDL2.a; sourceTree = BUILT_PRODUCTS_DIR; };
		AC00A2992C9DCF4C001F3ADD /* webrogue_runtime */ = {isa = PBXFileReference; explicitFileType = "compiled.mach-o.executable"; includeInIndex = 0; path = webrogue_runtime; sourceTree = BUILT_PRODUCTS_DIR; };
		AC00A29B2C9DCF4C001F3ADD /* main.m */ = {isa = PBXFileReference; lastKnownFileType = sourcecode.c.objc; path = main.m; sourceTree = "<group>"; };
		AC00A2A92C9DD686001F3ADD /* libSDL2.a */ = {isa = PBXFileReference; explicitFileType = archive.ar; path = libSDL2.a; sourceTree = BUILT_PRODUCTS_DIR; };
		AC00A2B12C9DD779001F3ADD /* webrogue_gfx_ffi_sdl2.c */ = {isa = PBXFileReference; fileEncoding = 4; lastKnownFileType = sourcecode.c.c; name = webrogue_gfx_ffi_sdl2.c; path = ../../crates/gfx_ffi/src/webrogue_gfx_ffi_sdl2.c; sourceTree = "<group>"; };
		AC134CD92C9D917100E52C69 /* webrogue Launcher.app */ = {isa = PBXFileReference; explicitFileType = wrapper.application; includeInIndex = 0; path = "webrogue Launcher.app"; sourceTree = BUILT_PRODUCTS_DIR; };
		AC1DB2FB2C9D921000483ACC /* Assets.xcassets */ = {isa = PBXFileReference; lastKnownFileType = folder.assetcatalog; path = Assets.xcassets; sourceTree = "<group>"; };
		AC1DB2FC2C9D921000483ACC /* ContentView.swift */ = {isa = PBXFileReference; fileEncoding = 4; lastKnownFileType = sourcecode.swift; path = ContentView.swift; sourceTree = "<group>"; };
		AC1DB2FD2C9D921000483ACC /* launcher.entitlements */ = {isa = PBXFileReference; fileEncoding = 4; lastKnownFileType = text.plist.entitlements; path = launcher.entitlements; sourceTree = "<group>"; };
		AC1DB2FE2C9D921000483ACC /* launcherApp.swift */ = {isa = PBXFileReference; fileEncoding = 4; lastKnownFileType = sourcecode.swift; path = launcherApp.swift; sourceTree = "<group>"; };
		AC1FE5E42C972E0F005F5D40 /* webrogue.app */ = {isa = PBXFileReference; explicitFileType = wrapper.application; includeInIndex = 0; path = webrogue.app; sourceTree = BUILT_PRODUCTS_DIR; };
		AC1FE6182C97350B005F5D40 /* Assets.xcassets */ = {isa = PBXFileReference; lastKnownFileType = folder.assetcatalog; path = Assets.xcassets; sourceTree = "<group>"; };
		AC1FE61C2C973798005F5D40 /* LaunchScreen.storyboard */ = {isa = PBXFileReference; fileEncoding = 4; lastKnownFileType = file.storyboard; path = LaunchScreen.storyboard; sourceTree = "<group>"; };
		AC37143F2C9D89B400E98A6A /* main.h */ = {isa = PBXFileReference; lastKnownFileType = sourcecode.c.h; path = main.h; sourceTree = "<group>"; };
		AC3714402C9D89B400E98A6A /* main.mm */ = {isa = PBXFileReference; lastKnownFileType = sourcecode.cpp.objcpp; path = main.mm; sourceTree = "<group>"; };
		AC3714422C9D89B400E98A6A /* webrogue-Bridging-Header.h */ = {isa = PBXFileReference; lastKnownFileType = sourcecode.c.h; path = "webrogue-Bridging-Header.h"; sourceTree = "<group>"; };
		AC3714432C9D89B400E98A6A /* WebrogueAppDelegate.swift */ = {isa = PBXFileReference; lastKnownFileType = sourcecode.swift; path = WebrogueAppDelegate.swift; sourceTree = "<group>"; };
		AC3714442C9D89B400E98A6A /* WebrogueUIViewController.swift */ = {isa = PBXFileReference; lastKnownFileType = sourcecode.swift; path = WebrogueUIViewController.swift; sourceTree = "<group>"; };
		AC3714452C9D89B400E98A6A /* WebrogueView.swift */ = {isa = PBXFileReference; lastKnownFileType = sourcecode.swift; path = WebrogueView.swift; sourceTree = "<group>"; };
		ACF899082C9AEF2800F68B93 /* ios.entitlements */ = {isa = PBXFileReference; lastKnownFileType = text.plist.entitlements; path = ios.entitlements; sourceTree = "<group>"; };
/* End PBXFileReference section */

/* Begin PBXFrameworksBuildPhase section */
		AC00A2962C9DCF4C001F3ADD /* Frameworks */ = {
			isa = PBXFrameworksBuildPhase;
			buildActionMask = 2147483647;
			files = (
				AC009F4F2C9E1825000E75C8 /* CoreAudio.framework in Frameworks */,
				AC009F472C9E1805000E75C8 /* JavaScriptCore.framework in Frameworks */,
				AC009F4D2C9E1820000E75C8 /* Cocoa.framework in Frameworks */,
				AC009F512C9E182F000E75C8 /* CoreFoundation.framework in Frameworks */,
				AC009F4B2C9E1818000E75C8 /* Carbon.framework in Frameworks */,
				AC009F5D2C9E1854000E75C8 /* Metal.framework in Frameworks */,
				AC009F552C9E183A000E75C8 /* CoreVideo.framework in Frameworks */,
				AC009F5F2C9E1858000E75C8 /* Quartz.framework in Frameworks */,
				AC009F592C9E1847000E75C8 /* GameController.framework in Frameworks */,
				AC00A2AA2C9DD686001F3ADD /* libSDL2.a in Frameworks */,
				AC009F532C9E1836000E75C8 /* CoreHaptics.framework in Frameworks */,
				AC009F492C9E1814000E75C8 /* AudioToolbox.framework in Frameworks */,
				AC009F572C9E183E000E75C8 /* ForceFeedback.framework in Frameworks */,
				AC009F5B2C9E184B000E75C8 /* IOKit.framework in Frameworks */,
			);
			runOnlyForDeploymentPostprocessing = 0;
		};
		AC134CD62C9D917100E52C69 /* Frameworks */ = {
			isa = PBXFrameworksBuildPhase;
			buildActionMask = 2147483647;
			files = (
			);
			runOnlyForDeploymentPostprocessing = 0;
		};
		AC1FE5E12C972E0F005F5D40 /* Frameworks */ = {
			isa = PBXFrameworksBuildPhase;
			buildActionMask = 2147483647;
			files = (
				AC009F812C9E1972000E75C8 /* libSDL2.a in Frameworks */,
				AC009F7F2C9E195D000E75C8 /* JavaScriptCore.framework in Frameworks */,
				AC009F7D2C9E18FA000E75C8 /* UIKit.framework in Frameworks */,
				AC009F7B2C9E18F6000E75C8 /* QuartzCore.framework in Frameworks */,
				AC009F792C9E18E6000E75C8 /* OpenGLES.framework in Frameworks */,
				AC009F772C9E18E3000E75C8 /* Metal.framework in Frameworks */,
				AC009F752C9E18D5000E75C8 /* IOKit.framework in Frameworks */,
				AC009F732C9E18D0000E75C8 /* GameController.framework in Frameworks */,
				AC009F712C9E18CC000E75C8 /* CoreVideo.framework in Frameworks */,
				AC009F6F2C9E18C0000E75C8 /* CoreMotion.framework in Frameworks */,
				AC009F6D2C9E18BD000E75C8 /* CoreHaptics.framework in Frameworks */,
				AC009F6B2C9E18B7000E75C8 /* CoreGraphics.framework in Frameworks */,
				AC009F692C9E18AD000E75C8 /* CoreFoundation.framework in Frameworks */,
				AC009F672C9E18A9000E75C8 /* CoreBluetooth.framework in Frameworks */,
				AC009F652C9E189A000E75C8 /* CoreAudio.framework in Frameworks */,
				AC009F632C9E1896000E75C8 /* AVFoundation.framework in Frameworks */,
				AC009F612C9E188E000E75C8 /* AudioToolbox.framework in Frameworks */,
			);
			runOnlyForDeploymentPostprocessing = 0;
		};
/* End PBXFrameworksBuildPhase section */

/* Begin PBXGroup section */
		AC008BD52C9E16E7000E75C8 /* external */ = {
			isa = PBXGroup;
			children = (
				AC009F312C9E1742000E75C8 /* libEGL.dylib */,
				AC009F302C9E1742000E75C8 /* libGLESv2.dylib */,
			);
			path = external;
			sourceTree = "<group>";
		};
		AC00A2922C9DBC5B001F3ADD /* Assets */ = {
			isa = PBXGroup;
			children = (
				AC1DB2FB2C9D921000483ACC /* Assets.xcassets */,
			);
			path = Assets;
			sourceTree = "<group>";
		};
		AC00A2932C9DBF08001F3ADD /* Source */ = {
			isa = PBXGroup;
			children = (
				AC1DB2FC2C9D921000483ACC /* ContentView.swift */,
				AC1DB2FE2C9D921000483ACC /* launcherApp.swift */,
			);
			path = Source;
			sourceTree = "<group>";
		};
		AC00A2A82C9DD686001F3ADD /* Frameworks */ = {
			isa = PBXGroup;
			children = (
				AC009F802C9E1972000E75C8 /* libSDL2.a */,
				AC009F7E2C9E195D000E75C8 /* JavaScriptCore.framework */,
				AC009F7C2C9E18FA000E75C8 /* UIKit.framework */,
				AC009F7A2C9E18F6000E75C8 /* QuartzCore.framework */,
				AC009F782C9E18E6000E75C8 /* OpenGLES.framework */,
				AC009F762C9E18E2000E75C8 /* Metal.framework */,
				AC009F742C9E18D5000E75C8 /* IOKit.framework */,
				AC009F722C9E18D0000E75C8 /* GameController.framework */,
				AC009F702C9E18CC000E75C8 /* CoreVideo.framework */,
				AC009F6E2C9E18C0000E75C8 /* CoreMotion.framework */,
				AC009F6C2C9E18BD000E75C8 /* CoreHaptics.framework */,
				AC009F6A2C9E18B7000E75C8 /* CoreGraphics.framework */,
				AC009F682C9E18AD000E75C8 /* CoreFoundation.framework */,
				AC009F662C9E18A9000E75C8 /* CoreBluetooth.framework */,
				AC009F642C9E189A000E75C8 /* CoreAudio.framework */,
				AC009F622C9E1896000E75C8 /* AVFoundation.framework */,
				AC009F602C9E188E000E75C8 /* AudioToolbox.framework */,
				AC009F5E2C9E1858000E75C8 /* Quartz.framework */,
				AC009F5C2C9E1854000E75C8 /* Metal.framework */,
				AC009F5A2C9E184B000E75C8 /* IOKit.framework */,
				AC009F582C9E1847000E75C8 /* GameController.framework */,
				AC009F562C9E183E000E75C8 /* ForceFeedback.framework */,
				AC009F542C9E183A000E75C8 /* CoreVideo.framework */,
				AC009F522C9E1836000E75C8 /* CoreHaptics.framework */,
				AC009F502C9E182F000E75C8 /* CoreFoundation.framework */,
				AC009F4E2C9E1825000E75C8 /* CoreAudio.framework */,
				AC009F4C2C9E1820000E75C8 /* Cocoa.framework */,
				AC009F4A2C9E1818000E75C8 /* Carbon.framework */,
				AC009F482C9E1814000E75C8 /* AudioToolbox.framework */,
				AC009F462C9E1805000E75C8 /* JavaScriptCore.framework */,
				AC009F372C9E17C9000E75C8 /* libSDL2.a */,
				AC00A2A92C9DD686001F3ADD /* libSDL2.a */,
			);
			name = Frameworks;
			sourceTree = "<group>";
		};
		AC00A2AD2C9DD6C6001F3ADD /* Source */ = {
			isa = PBXGroup;
			children = (
				AC00A29B2C9DCF4C001F3ADD /* main.m */,
			);
			path = Source;
			sourceTree = "<group>";
		};
		AC00A2B02C9DD75D001F3ADD /* Common */ = {
			isa = PBXGroup;
			children = (
				AC00A2B12C9DD779001F3ADD /* webrogue_gfx_ffi_sdl2.c */,
			);
			path = Common;
			sourceTree = "<group>";
		};
		AC134CE82C9D91BE00E52C69 /* macOS */ = {
			isa = PBXGroup;
			children = (
				AC1DB3062C9D930900483ACC /* runtime */,
				AC1DB2FF2C9D921000483ACC /* launcher */,
			);
			path = macOS;
			sourceTree = "<group>";
		};
		AC1DB2FF2C9D921000483ACC /* launcher */ = {
			isa = PBXGroup;
			children = (
				AC00A2922C9DBC5B001F3ADD /* Assets */,
				AC00A2932C9DBF08001F3ADD /* Source */,
				AC1DB2FD2C9D921000483ACC /* launcher.entitlements */,
			);
			path = launcher;
			sourceTree = "<group>";
		};
		AC1DB3062C9D930900483ACC /* runtime */ = {
			isa = PBXGroup;
			children = (
				AC00835F2C9E0BB0000E75C8 /* runtime.entitlements */,
				AC00A2AD2C9DD6C6001F3ADD /* Source */,
			);
			path = runtime;
			sourceTree = "<group>";
		};
		AC1FE5DB2C972E0F005F5D40 = {
			isa = PBXGroup;
			children = (
				AC008BD52C9E16E7000E75C8 /* external */,
				AC00A2B02C9DD75D001F3ADD /* Common */,
				AC134CE82C9D91BE00E52C69 /* macOS */,
				AC3714472C9D89B400E98A6A /* iOS */,
				AC1FE5E52C972E0F005F5D40 /* Products */,
				AC00A2A82C9DD686001F3ADD /* Frameworks */,
			);
			sourceTree = "<group>";
		};
		AC1FE5E52C972E0F005F5D40 /* Products */ = {
			isa = PBXGroup;
			children = (
				AC1FE5E42C972E0F005F5D40 /* webrogue.app */,
				AC134CD92C9D917100E52C69 /* webrogue Launcher.app */,
				AC00A2992C9DCF4C001F3ADD /* webrogue_runtime */,
			);
			name = Products;
			sourceTree = "<group>";
		};
		AC3714462C9D89B400E98A6A /* Source */ = {
			isa = PBXGroup;
			children = (
				AC37143F2C9D89B400E98A6A /* main.h */,
				AC3714402C9D89B400E98A6A /* main.mm */,
				AC3714422C9D89B400E98A6A /* webrogue-Bridging-Header.h */,
				AC3714432C9D89B400E98A6A /* WebrogueAppDelegate.swift */,
				AC3714442C9D89B400E98A6A /* WebrogueUIViewController.swift */,
				AC3714452C9D89B400E98A6A /* WebrogueView.swift */,
			);
			path = Source;
			sourceTree = "<group>";
		};
		AC3714472C9D89B400E98A6A /* iOS */ = {
			isa = PBXGroup;
			children = (
				AC3714462C9D89B400E98A6A /* Source */,
				ACF1A7A12C9860DE0015B916 /* Assets */,
				ACF899082C9AEF2800F68B93 /* ios.entitlements */,
			);
			path = iOS;
			sourceTree = "<group>";
		};
		ACF1A7A12C9860DE0015B916 /* Assets */ = {
			isa = PBXGroup;
			children = (
				AC1FE61C2C973798005F5D40 /* LaunchScreen.storyboard */,
				AC1FE6182C97350B005F5D40 /* Assets.xcassets */,
			);
			path = Assets;
			sourceTree = "<group>";
		};
/* End PBXGroup section */

/* Begin PBXLegacyTarget section */
		AC00A2A02C9DD0A0001F3ADD /* cargo_macos */ = {
			isa = PBXLegacyTarget;
			buildArgumentsString = macOS/runtime/rust/scripts/cargo_lipo_builder.sh;
			buildConfigurationList = AC00A2A12C9DD0A0001F3ADD /* Build configuration list for PBXLegacyTarget "cargo_macos" */;
			buildPhases = (
			);
			buildToolPath = /bin/sh;
			buildWorkingDirectory = "$(SRCROOT)/";
			dependencies = (
			);
			name = cargo_macos;
			passBuildSettingsInEnvironment = 1;
			productName = cargo_macos;
		};
		AC1FE62D2C977935005F5D40 /* cargo_ios */ = {
			isa = PBXLegacyTarget;
			buildArgumentsString = iOS/rust/scripts/cargo_lipo_builder.sh;
			buildConfigurationList = AC1FE62E2C977935005F5D40 /* Build configuration list for PBXLegacyTarget "cargo_ios" */;
			buildPhases = (
			);
			buildToolPath = /bin/sh;
			buildWorkingDirectory = "$(SRCROOT)/";
			dependencies = (
			);
			name = cargo_ios;
			passBuildSettingsInEnvironment = 1;
			productName = rust_code_2;
		};
		AC1FE64F2C978680005F5D40 /* fetch_dependencies_ios */ = {
			isa = PBXLegacyTarget;
			buildArgumentsString = iOS/rust/scripts/fetch_dependencies.sh;
			buildConfigurationList = AC1FE6502C978680005F5D40 /* Build configuration list for PBXLegacyTarget "fetch_dependencies_ios" */;
			buildPhases = (
			);
			buildToolPath = /bin/sh;
			buildWorkingDirectory = "$(SRCROOT)/";
			dependencies = (
			);
			name = fetch_dependencies_ios;
			passBuildSettingsInEnvironment = 1;
			productName = fetch_dependencies;
		};
/* End PBXLegacyTarget section */

/* Begin PBXNativeTarget section */
		AC00A2982C9DCF4C001F3ADD /* webrogue_runtime */ = {
			isa = PBXNativeTarget;
			buildConfigurationList = AC00A29D2C9DCF4C001F3ADD /* Build configuration list for PBXNativeTarget "webrogue_runtime" */;
			buildPhases = (
				AC00A2952C9DCF4C001F3ADD /* Sources */,
				AC00A2962C9DCF4C001F3ADD /* Frameworks */,
				AC0083512C9E0793000E75C8 /* CopyFiles */,
			);
			buildRules = (
			);
			dependencies = (
				AC00A2A52C9DD45D001F3ADD /* PBXTargetDependency */,
			);
			name = webrogue_runtime;
			productName = webrogue_runtime;
			productReference = AC00A2992C9DCF4C001F3ADD /* webrogue_runtime */;
			productType = "com.apple.product-type.tool";
		};
		AC134CD82C9D917100E52C69 /* webrogue_launcher */ = {
			isa = PBXNativeTarget;
			buildConfigurationList = AC134CE52C9D917300E52C69 /* Build configuration list for PBXNativeTarget "webrogue_launcher" */;
			buildPhases = (
				AC134CD52C9D917100E52C69 /* Sources */,
				AC134CD62C9D917100E52C69 /* Frameworks */,
				AC134CD72C9D917100E52C69 /* Resources */,
				AC0075722C9DEBBD000E75C8 /* Embed Helper Tools */,
			);
			buildRules = (
			);
			dependencies = (
				AC00A2A72C9DD466001F3ADD /* PBXTargetDependency */,
			);
			name = webrogue_launcher;
			productName = launcher;
			productReference = AC134CD92C9D917100E52C69 /* webrogue Launcher.app */;
			productType = "com.apple.product-type.application";
		};
		AC1FE5E32C972E0F005F5D40 /* webrogue_ios */ = {
			isa = PBXNativeTarget;
			buildConfigurationList = AC1FE5F22C972E12005F5D40 /* Build configuration list for PBXNativeTarget "webrogue_ios" */;
			buildPhases = (
				AC1FE5E02C972E0F005F5D40 /* Sources */,
				AC1FE5E12C972E0F005F5D40 /* Frameworks */,
				AC1FE5E22C972E0F005F5D40 /* Resources */,
			);
			buildRules = (
			);
			dependencies = (
				AC1FE6412C977CBE005F5D40 /* PBXTargetDependency */,
			);
			name = webrogue_ios;
			productName = webrogue;
			productReference = AC1FE5E42C972E0F005F5D40 /* webrogue.app */;
			productType = "com.apple.product-type.application";
		};
/* End PBXNativeTarget section */

/* Begin PBXProject section */
		AC1FE5DC2C972E0F005F5D40 /* Project object */ = {
			isa = PBXProject;
			attributes = {
				BuildIndependentTargetsInParallel = 1;
				LastSwiftUpdateCheck = 1540;
				LastUpgradeCheck = 1540;
				TargetAttributes = {
					AC00A2982C9DCF4C001F3ADD = {
						CreatedOnToolsVersion = 15.4;
					};
					AC00A2A02C9DD0A0001F3ADD = {
						CreatedOnToolsVersion = 15.4;
					};
					AC134CD82C9D917100E52C69 = {
						CreatedOnToolsVersion = 15.4;
					};
					AC1FE5E32C972E0F005F5D40 = {
						CreatedOnToolsVersion = 15.4;
					};
					AC1FE62D2C977935005F5D40 = {
						CreatedOnToolsVersion = 15.4;
					};
					AC1FE64F2C978680005F5D40 = {
						CreatedOnToolsVersion = 15.4;
					};
				};
			};
			buildConfigurationList = AC1FE5DF2C972E0F005F5D40 /* Build configuration list for PBXProject "webrogue" */;
			compatibilityVersion = "Xcode 14.0";
			developmentRegion = en;
			hasScannedForEncodings = 0;
			knownRegions = (
				en,
				Base,
				English,
			);
			mainGroup = AC1FE5DB2C972E0F005F5D40;
			productRefGroup = AC1FE5E52C972E0F005F5D40 /* Products */;
			projectDirPath = "";
			projectRoot = "";
			targets = (
				AC1FE5E32C972E0F005F5D40 /* webrogue_ios */,
				AC1FE62D2C977935005F5D40 /* cargo_ios */,
				AC1FE64F2C978680005F5D40 /* fetch_dependencies_ios */,
				AC134CD82C9D917100E52C69 /* webrogue_launcher */,
				AC00A2982C9DCF4C001F3ADD /* webrogue_runtime */,
				AC00A2A02C9DD0A0001F3ADD /* cargo_macos */,
			);
		};
/* End PBXProject section */

/* Begin PBXResourcesBuildPhase section */
		AC134CD72C9D917100E52C69 /* Resources */ = {
			isa = PBXResourcesBuildPhase;
			buildActionMask = 2147483647;
			files = (
				AC00A2942C9DBFBA001F3ADD /* Assets.xcassets in Resources */,
			);
			runOnlyForDeploymentPostprocessing = 0;
		};
		AC1FE5E22C972E0F005F5D40 /* Resources */ = {
			isa = PBXResourcesBuildPhase;
			buildActionMask = 2147483647;
			files = (
				AC1FE61D2C973799005F5D40 /* LaunchScreen.storyboard in Resources */,
				AC1FE61A2C97350B005F5D40 /* Assets.xcassets in Resources */,
			);
			runOnlyForDeploymentPostprocessing = 0;
		};
/* End PBXResourcesBuildPhase section */

/* Begin PBXSourcesBuildPhase section */
		AC00A2952C9DCF4C001F3ADD /* Sources */ = {
			isa = PBXSourcesBuildPhase;
			buildActionMask = 2147483647;
			files = (
				AC00A2B32C9DD77F001F3ADD /* webrogue_gfx_ffi_sdl2.c in Sources */,
				AC00A29C2C9DCF4C001F3ADD /* main.m in Sources */,
			);
			runOnlyForDeploymentPostprocessing = 0;
		};
		AC134CD52C9D917100E52C69 /* Sources */ = {
			isa = PBXSourcesBuildPhase;
			buildActionMask = 2147483647;
			files = (
				AC1DB3052C9D922800483ACC /* ContentView.swift in Sources */,
				AC1DB3042C9D922300483ACC /* launcherApp.swift in Sources */,
			);
			runOnlyForDeploymentPostprocessing = 0;
		};
		AC1FE5E02C972E0F005F5D40 /* Sources */ = {
			isa = PBXSourcesBuildPhase;
			buildActionMask = 2147483647;
			files = (
				AC134CD22C9D8F6200E52C69 /* WebrogueView.swift in Sources */,
				AC134CD12C9D8F5F00E52C69 /* WebrogueUIViewController.swift in Sources */,
				AC134CD02C9D8F5B00E52C69 /* WebrogueAppDelegate.swift in Sources */,
				AC00A2B22C9DD779001F3ADD /* webrogue_gfx_ffi_sdl2.c in Sources */,
				AC134CD42C9D8F6A00E52C69 /* main.mm in Sources */,
			);
			runOnlyForDeploymentPostprocessing = 0;
		};
/* End PBXSourcesBuildPhase section */

/* Begin PBXTargetDependency section */
		AC00A2A52C9DD45D001F3ADD /* PBXTargetDependency */ = {
			isa = PBXTargetDependency;
			target = AC00A2A02C9DD0A0001F3ADD /* cargo_macos */;
			targetProxy = AC00A2A42C9DD45D001F3ADD /* PBXContainerItemProxy */;
		};
		AC00A2A72C9DD466001F3ADD /* PBXTargetDependency */ = {
			isa = PBXTargetDependency;
			target = AC00A2982C9DCF4C001F3ADD /* webrogue_runtime */;
			targetProxy = AC00A2A62C9DD466001F3ADD /* PBXContainerItemProxy */;
		};
		AC1FE6412C977CBE005F5D40 /* PBXTargetDependency */ = {
			isa = PBXTargetDependency;
			target = AC1FE62D2C977935005F5D40 /* cargo_ios */;
			targetProxy = ACF1A7A02C985FFC0015B916 /* PBXContainerItemProxy */;
		};
/* End PBXTargetDependency section */

/* Begin XCBuildConfiguration section */
		AC00A29E2C9DCF4C001F3ADD /* Debug */ = {
			isa = XCBuildConfiguration;
			buildSettings = {
				CODE_SIGN_ENTITLEMENTS = macOS/runtime/runtime.entitlements;
				CODE_SIGN_INJECT_BASE_ENTITLEMENTS = NO;
				CODE_SIGN_STYLE = Automatic;
				DEVELOPMENT_TEAM = LC5F8UX2W7;
				ENABLE_HARDENED_RUNTIME = NO;
				HEADER_SEARCH_PATHS = "$(SRCROOT)/external/SDL2/include";
				LIBRARY_SEARCH_PATHS = "$(BUILD_DIR)/rust_artifacts/$(CONFIGURATION)/$(PLATFORM_NAME)";
				OTHER_CODE_SIGN_FLAGS = "$(inherited) -i $(PRODUCT_BUNDLE_IDENTIFIER)";
				OTHER_LDFLAGS = "-lwebrogue_macos";
				PRODUCT_BUNDLE_IDENTIFIER = "io.github.webrogue-runtime.launcher.runtime";
				PRODUCT_NAME = "$(TARGET_NAME)";
				SDKROOT = macosx;
				SKIP_INSTALL = YES;
			};
			name = Debug;
		};
		AC00A29F2C9DCF4C001F3ADD /* Release */ = {
			isa = XCBuildConfiguration;
			buildSettings = {
				CODE_SIGN_ENTITLEMENTS = macOS/runtime/runtime.entitlements;
				CODE_SIGN_INJECT_BASE_ENTITLEMENTS = NO;
				CODE_SIGN_STYLE = Automatic;
				DEVELOPMENT_TEAM = LC5F8UX2W7;
				ENABLE_HARDENED_RUNTIME = NO;
				HEADER_SEARCH_PATHS = "$(SRCROOT)/external/SDL2/include";
				LIBRARY_SEARCH_PATHS = "$(BUILD_DIR)/rust_artifacts/$(CONFIGURATION)/$(PLATFORM_NAME)";
				OTHER_CODE_SIGN_FLAGS = "$(inherited) -i $(PRODUCT_BUNDLE_IDENTIFIER)";
				OTHER_LDFLAGS = "-lwebrogue_macos";
				PRODUCT_BUNDLE_IDENTIFIER = "io.github.webrogue-runtime.launcher.runtime";
				PRODUCT_NAME = "$(TARGET_NAME)";
				SDKROOT = macosx;
				SKIP_INSTALL = YES;
			};
			name = Release;
		};
		AC00A2A22C9DD0A0001F3ADD /* Debug */ = {
			isa = XCBuildConfiguration;
			buildSettings = {
				CODE_SIGN_STYLE = Automatic;
				DEBUGGING_SYMBOLS = YES;
				DEBUG_INFORMATION_FORMAT = dwarf;
				DEVELOPMENT_TEAM = LC5F8UX2W7;
				GCC_GENERATE_DEBUGGING_SYMBOLS = YES;
				GCC_OPTIMIZATION_LEVEL = 0;
				OTHER_CFLAGS = "";
				OTHER_LDFLAGS = "";
				PRODUCT_NAME = "$(TARGET_NAME)";
				SDKROOT = macosx;
			};
			name = Debug;
		};
		AC00A2A32C9DD0A0001F3ADD /* Release */ = {
			isa = XCBuildConfiguration;
			buildSettings = {
				CODE_SIGN_STYLE = Automatic;
				DEBUG_INFORMATION_FORMAT = "dwarf-with-dsym";
				DEVELOPMENT_TEAM = LC5F8UX2W7;
				OTHER_CFLAGS = "";
				OTHER_LDFLAGS = "";
				PRODUCT_NAME = "$(TARGET_NAME)";
				SDKROOT = macosx;
			};
			name = Release;
		};
		AC134CE62C9D917300E52C69 /* Debug */ = {
			isa = XCBuildConfiguration;
			buildSettings = {
				ASSETCATALOG_COMPILER_APPICON_NAME = AppIcon;
				ASSETCATALOG_COMPILER_GLOBAL_ACCENT_COLOR_NAME = AccentColor;
				ASSETCATALOG_COMPILER_INCLUDE_ALL_APPICON_ASSETS = NO;
				CODE_SIGN_ENTITLEMENTS = macOS/launcher/launcher.entitlements;
				CODE_SIGN_STYLE = Automatic;
				COMBINE_HIDPI_IMAGES = YES;
				CURRENT_PROJECT_VERSION = 1;
				DEVELOPMENT_ASSET_PATHS = "";
				DEVELOPMENT_TEAM = LC5F8UX2W7;
				ENABLE_HARDENED_RUNTIME = NO;
				ENABLE_PREVIEWS = YES;
				GENERATE_INFOPLIST_FILE = YES;
				INFOPLIST_KEY_LSApplicationCategoryType = "public.app-category.utilities";
				INFOPLIST_KEY_NSHumanReadableCopyright = "";
				LD_RUNPATH_SEARCH_PATHS = (
					"$(inherited)",
					"@executable_path/../Frameworks",
				);
				LIBRARY_SEARCH_PATHS = "";
				MARKETING_VERSION = 1.0;
				PRODUCT_BUNDLE_IDENTIFIER = "io.github.webrogue-runtime.launcher";
				PRODUCT_NAME = "webrogue Launcher";
				SDKROOT = macosx;
				SWIFT_EMIT_LOC_STRINGS = YES;
				SWIFT_VERSION = 5.0;
			};
			name = Debug;
		};
		AC134CE72C9D917300E52C69 /* Release */ = {
			isa = XCBuildConfiguration;
			buildSettings = {
				ASSETCATALOG_COMPILER_APPICON_NAME = AppIcon;
				ASSETCATALOG_COMPILER_GLOBAL_ACCENT_COLOR_NAME = AccentColor;
				ASSETCATALOG_COMPILER_INCLUDE_ALL_APPICON_ASSETS = NO;
				CODE_SIGN_ENTITLEMENTS = macOS/launcher/launcher.entitlements;
				CODE_SIGN_STYLE = Automatic;
				COMBINE_HIDPI_IMAGES = YES;
				CURRENT_PROJECT_VERSION = 1;
				DEVELOPMENT_ASSET_PATHS = "";
				DEVELOPMENT_TEAM = LC5F8UX2W7;
				ENABLE_HARDENED_RUNTIME = NO;
				ENABLE_PREVIEWS = YES;
				GENERATE_INFOPLIST_FILE = YES;
				INFOPLIST_KEY_LSApplicationCategoryType = "public.app-category.utilities";
				INFOPLIST_KEY_NSHumanReadableCopyright = "";
				LD_RUNPATH_SEARCH_PATHS = (
					"$(inherited)",
					"@executable_path/../Frameworks",
				);
				LIBRARY_SEARCH_PATHS = "";
				MARKETING_VERSION = 1.0;
				PRODUCT_BUNDLE_IDENTIFIER = "io.github.webrogue-runtime.launcher";
				PRODUCT_NAME = "webrogue Launcher";
				SDKROOT = macosx;
				SWIFT_EMIT_LOC_STRINGS = YES;
				SWIFT_VERSION = 5.0;
			};
			name = Release;
		};
		AC1FE5F02C972E12005F5D40 /* Debug */ = {
			isa = XCBuildConfiguration;
			buildSettings = {
				ALWAYS_SEARCH_USER_PATHS = NO;
				ASSETCATALOG_COMPILER_GENERATE_SWIFT_ASSET_SYMBOL_EXTENSIONS = YES;
				CLANG_ANALYZER_NONNULL = YES;
				CLANG_ANALYZER_NUMBER_OBJECT_CONVERSION = YES_AGGRESSIVE;
				CLANG_CXX_LANGUAGE_STANDARD = "gnu++20";
				CLANG_ENABLE_MODULES = YES;
				CLANG_ENABLE_OBJC_ARC = YES;
				CLANG_ENABLE_OBJC_WEAK = YES;
				CLANG_WARN_BLOCK_CAPTURE_AUTORELEASING = YES;
				CLANG_WARN_BOOL_CONVERSION = YES;
				CLANG_WARN_COMMA = YES;
				CLANG_WARN_CONSTANT_CONVERSION = YES;
				CLANG_WARN_DEPRECATED_OBJC_IMPLEMENTATIONS = YES;
				CLANG_WARN_DIRECT_OBJC_ISA_USAGE = YES_ERROR;
				CLANG_WARN_DOCUMENTATION_COMMENTS = YES;
				CLANG_WARN_EMPTY_BODY = YES;
				CLANG_WARN_ENUM_CONVERSION = YES;
				CLANG_WARN_INFINITE_RECURSION = YES;
				CLANG_WARN_INT_CONVERSION = YES;
				CLANG_WARN_NON_LITERAL_NULL_CONVERSION = YES;
				CLANG_WARN_OBJC_IMPLICIT_RETAIN_SELF = YES;
				CLANG_WARN_OBJC_LITERAL_CONVERSION = YES;
				CLANG_WARN_OBJC_ROOT_CLASS = YES_ERROR;
				CLANG_WARN_QUOTED_INCLUDE_IN_FRAMEWORK_HEADER = YES;
				CLANG_WARN_RANGE_LOOP_ANALYSIS = YES;
				CLANG_WARN_STRICT_PROTOTYPES = YES;
				CLANG_WARN_SUSPICIOUS_MOVE = YES;
				CLANG_WARN_UNGUARDED_AVAILABILITY = YES_AGGRESSIVE;
				CLANG_WARN_UNREACHABLE_CODE = YES;
				CLANG_WARN__DUPLICATE_METHOD_MATCH = YES;
				COPY_PHASE_STRIP = NO;
				DEBUG_INFORMATION_FORMAT = dwarf;
				ENABLE_STRICT_OBJC_MSGSEND = YES;
				ENABLE_TESTABILITY = YES;
				ENABLE_USER_SCRIPT_SANDBOXING = YES;
				GCC_C_LANGUAGE_STANDARD = gnu17;
				GCC_DYNAMIC_NO_PIC = NO;
				GCC_NO_COMMON_BLOCKS = YES;
				GCC_OPTIMIZATION_LEVEL = 0;
				GCC_PREPROCESSOR_DEFINITIONS = (
					"DEBUG=1",
					"$(inherited)",
				);
				GCC_WARN_64_TO_32_BIT_CONVERSION = YES;
				GCC_WARN_ABOUT_RETURN_TYPE = YES_ERROR;
				GCC_WARN_UNDECLARED_SELECTOR = YES;
				GCC_WARN_UNINITIALIZED_AUTOS = YES_AGGRESSIVE;
				GCC_WARN_UNUSED_FUNCTION = YES;
				GCC_WARN_UNUSED_VARIABLE = YES;
				IPHONEOS_DEPLOYMENT_TARGET = 14.0;
				LOCALIZATION_PREFERS_STRING_CATALOGS = YES;
				MACOSX_DEPLOYMENT_TARGET = 12.0;
				MTL_ENABLE_DEBUG_INFO = INCLUDE_SOURCE;
				MTL_FAST_MATH = YES;
				ONLY_ACTIVE_ARCH = YES;
				SDKROOT = "";
				SWIFT_ACTIVE_COMPILATION_CONDITIONS = "DEBUG $(inherited)";
				SWIFT_OPTIMIZATION_LEVEL = "-Onone";
			};
			name = Debug;
		};
		AC1FE5F12C972E12005F5D40 /* Release */ = {
			isa = XCBuildConfiguration;
			buildSettings = {
				ALWAYS_SEARCH_USER_PATHS = NO;
				ASSETCATALOG_COMPILER_GENERATE_SWIFT_ASSET_SYMBOL_EXTENSIONS = YES;
				CLANG_ANALYZER_NONNULL = YES;
				CLANG_ANALYZER_NUMBER_OBJECT_CONVERSION = YES_AGGRESSIVE;
				CLANG_CXX_LANGUAGE_STANDARD = "gnu++20";
				CLANG_ENABLE_MODULES = YES;
				CLANG_ENABLE_OBJC_ARC = YES;
				CLANG_ENABLE_OBJC_WEAK = YES;
				CLANG_WARN_BLOCK_CAPTURE_AUTORELEASING = YES;
				CLANG_WARN_BOOL_CONVERSION = YES;
				CLANG_WARN_COMMA = YES;
				CLANG_WARN_CONSTANT_CONVERSION = YES;
				CLANG_WARN_DEPRECATED_OBJC_IMPLEMENTATIONS = YES;
				CLANG_WARN_DIRECT_OBJC_ISA_USAGE = YES_ERROR;
				CLANG_WARN_DOCUMENTATION_COMMENTS = YES;
				CLANG_WARN_EMPTY_BODY = YES;
				CLANG_WARN_ENUM_CONVERSION = YES;
				CLANG_WARN_INFINITE_RECURSION = YES;
				CLANG_WARN_INT_CONVERSION = YES;
				CLANG_WARN_NON_LITERAL_NULL_CONVERSION = YES;
				CLANG_WARN_OBJC_IMPLICIT_RETAIN_SELF = YES;
				CLANG_WARN_OBJC_LITERAL_CONVERSION = YES;
				CLANG_WARN_OBJC_ROOT_CLASS = YES_ERROR;
				CLANG_WARN_QUOTED_INCLUDE_IN_FRAMEWORK_HEADER = YES;
				CLANG_WARN_RANGE_LOOP_ANALYSIS = YES;
				CLANG_WARN_STRICT_PROTOTYPES = YES;
				CLANG_WARN_SUSPICIOUS_MOVE = YES;
				CLANG_WARN_UNGUARDED_AVAILABILITY = YES_AGGRESSIVE;
				CLANG_WARN_UNREACHABLE_CODE = YES;
				CLANG_WARN__DUPLICATE_METHOD_MATCH = YES;
				COPY_PHASE_STRIP = NO;
				DEBUG_INFORMATION_FORMAT = "dwarf-with-dsym";
				ENABLE_NS_ASSERTIONS = NO;
				ENABLE_STRICT_OBJC_MSGSEND = YES;
				ENABLE_USER_SCRIPT_SANDBOXING = YES;
				GCC_C_LANGUAGE_STANDARD = gnu17;
				GCC_NO_COMMON_BLOCKS = YES;
				GCC_WARN_64_TO_32_BIT_CONVERSION = YES;
				GCC_WARN_ABOUT_RETURN_TYPE = YES_ERROR;
				GCC_WARN_UNDECLARED_SELECTOR = YES;
				GCC_WARN_UNINITIALIZED_AUTOS = YES_AGGRESSIVE;
				GCC_WARN_UNUSED_FUNCTION = YES;
				GCC_WARN_UNUSED_VARIABLE = YES;
				IPHONEOS_DEPLOYMENT_TARGET = 14.0;
				LOCALIZATION_PREFERS_STRING_CATALOGS = YES;
				MACOSX_DEPLOYMENT_TARGET = 12.0;
				MTL_ENABLE_DEBUG_INFO = NO;
				MTL_FAST_MATH = YES;
				SDKROOT = "";
				SWIFT_COMPILATION_MODE = wholemodule;
				VALIDATE_PRODUCT = YES;
			};
			name = Release;
		};
		AC1FE5F32C972E12005F5D40 /* Debug */ = {
			isa = XCBuildConfiguration;
			buildSettings = {
				ASSETCATALOG_COMPILER_APPICON_NAME = AppIcon;
				ASSETCATALOG_COMPILER_GLOBAL_ACCENT_COLOR_NAME = AccentColor;
				CODE_SIGN_ENTITLEMENTS = iOS/ios.entitlements;
				CODE_SIGN_STYLE = Automatic;
				CURRENT_PROJECT_VERSION = 1;
				DEVELOPMENT_ASSET_PATHS = "";
				DEVELOPMENT_TEAM = LC5F8UX2W7;
				ENABLE_PREVIEWS = YES;
				GENERATE_INFOPLIST_FILE = YES;
				HEADER_SEARCH_PATHS = "$(SRCROOT)/external/SDL2/include";
				INFOPLIST_KEY_LSApplicationCategoryType = "public.app-category.utilities";
				INFOPLIST_KEY_UIApplicationSceneManifest_Generation = NO;
				INFOPLIST_KEY_UIApplicationSupportsIndirectInputEvents = YES;
				INFOPLIST_KEY_UILaunchScreen_Generation = YES;
				INFOPLIST_KEY_UILaunchStoryboardName = LaunchScreen.storyboard;
				INFOPLIST_KEY_UISupportedInterfaceOrientations_iPad = "UIInterfaceOrientationPortrait UIInterfaceOrientationPortraitUpsideDown UIInterfaceOrientationLandscapeLeft UIInterfaceOrientationLandscapeRight";
				INFOPLIST_KEY_UISupportedInterfaceOrientations_iPhone = "UIInterfaceOrientationPortrait UIInterfaceOrientationLandscapeLeft UIInterfaceOrientationLandscapeRight";
				LD_RUNPATH_SEARCH_PATHS = (
					"$(inherited)",
					"@executable_path/Frameworks",
				);
				LIBRARY_SEARCH_PATHS = (
					"$(inherited)",
					"$(BUILD_DIR)/rust_artifacts/$(CONFIGURATION)/$(PLATFORM_NAME)",
					"$(PROJECT_DIR)/external",
				);
				MARKETING_VERSION = 1.0;
				OTHER_LDFLAGS = "-lwebrogue_ios";
				PRODUCT_BUNDLE_IDENTIFIER = "io.github.webrogue-runtime.webrogue";
				PRODUCT_NAME = webrogue;
				SDKROOT = iphoneos;
				SWIFT_EMIT_LOC_STRINGS = YES;
				SWIFT_OBJC_BRIDGING_HEADER = "$(SRCROOT)/iOS/Source/webrogue-Bridging-Header.h";
				SWIFT_VERSION = 5.0;
				TARGETED_DEVICE_FAMILY = "1,2";
			};
			name = Debug;
		};
		AC1FE5F42C972E12005F5D40 /* Release */ = {
			isa = XCBuildConfiguration;
			buildSettings = {
				ASSETCATALOG_COMPILER_APPICON_NAME = AppIcon;
				ASSETCATALOG_COMPILER_GLOBAL_ACCENT_COLOR_NAME = AccentColor;
				CODE_SIGN_ENTITLEMENTS = iOS/ios.entitlements;
				CODE_SIGN_STYLE = Automatic;
				CURRENT_PROJECT_VERSION = 1;
				DEVELOPMENT_ASSET_PATHS = "";
				DEVELOPMENT_TEAM = LC5F8UX2W7;
				ENABLE_PREVIEWS = YES;
				GENERATE_INFOPLIST_FILE = YES;
				HEADER_SEARCH_PATHS = "$(SRCROOT)/external/SDL2/include";
				INFOPLIST_KEY_LSApplicationCategoryType = "public.app-category.utilities";
				INFOPLIST_KEY_UIApplicationSceneManifest_Generation = NO;
				INFOPLIST_KEY_UIApplicationSupportsIndirectInputEvents = YES;
				INFOPLIST_KEY_UILaunchScreen_Generation = YES;
				INFOPLIST_KEY_UILaunchStoryboardName = LaunchScreen.storyboard;
				INFOPLIST_KEY_UISupportedInterfaceOrientations_iPad = "UIInterfaceOrientationPortrait UIInterfaceOrientationPortraitUpsideDown UIInterfaceOrientationLandscapeLeft UIInterfaceOrientationLandscapeRight";
				INFOPLIST_KEY_UISupportedInterfaceOrientations_iPhone = "UIInterfaceOrientationPortrait UIInterfaceOrientationLandscapeLeft UIInterfaceOrientationLandscapeRight";
				LD_RUNPATH_SEARCH_PATHS = (
					"$(inherited)",
					"@executable_path/Frameworks",
				);
				LIBRARY_SEARCH_PATHS = (
					"$(inherited)",
					"$(BUILD_DIR)/rust_artifacts/$(CONFIGURATION)/$(PLATFORM_NAME)",
					"$(PROJECT_DIR)/external",
				);
				MARKETING_VERSION = 1.0;
				OTHER_LDFLAGS = "-lwebrogue_ios";
				PRODUCT_BUNDLE_IDENTIFIER = "io.github.webrogue-runtime.webrogue";
				PRODUCT_NAME = webrogue;
				SDKROOT = iphoneos;
				SWIFT_EMIT_LOC_STRINGS = YES;
				SWIFT_OBJC_BRIDGING_HEADER = "$(SRCROOT)/iOS/Source/webrogue-Bridging-Header.h";
				SWIFT_VERSION = 5.0;
				TARGETED_DEVICE_FAMILY = "1,2";
			};
			name = Release;
		};
		AC1FE62F2C977935005F5D40 /* Debug */ = {
			isa = XCBuildConfiguration;
			buildSettings = {
				CODE_SIGN_STYLE = Automatic;
				DEBUGGING_SYMBOLS = YES;
				DEBUG_INFORMATION_FORMAT = dwarf;
				GCC_GENERATE_DEBUGGING_SYMBOLS = YES;
				GCC_OPTIMIZATION_LEVEL = 0;
				OTHER_CFLAGS = "";
				OTHER_LDFLAGS = "";
				PRODUCT_NAME = "$(TARGET_NAME)";
				SDKROOT = iphoneos;
			};
			name = Debug;
		};
		AC1FE6302C977935005F5D40 /* Release */ = {
			isa = XCBuildConfiguration;
			buildSettings = {
				CODE_SIGN_STYLE = Automatic;
				DEBUG_INFORMATION_FORMAT = "dwarf-with-dsym";
				OTHER_CFLAGS = "";
				OTHER_LDFLAGS = "";
				PRODUCT_NAME = "$(TARGET_NAME)";
				SDKROOT = iphoneos;
			};
			name = Release;
		};
		AC1FE6512C978680005F5D40 /* Debug */ = {
			isa = XCBuildConfiguration;
			buildSettings = {
				CODE_SIGN_STYLE = Automatic;
				DEBUGGING_SYMBOLS = YES;
				DEBUG_INFORMATION_FORMAT = dwarf;
				GCC_GENERATE_DEBUGGING_SYMBOLS = YES;
				GCC_OPTIMIZATION_LEVEL = 0;
				OTHER_CFLAGS = "";
				OTHER_LDFLAGS = "";
				PRODUCT_NAME = "$(TARGET_NAME)";
			};
			name = Debug;
		};
		AC1FE6522C978680005F5D40 /* Release */ = {
			isa = XCBuildConfiguration;
			buildSettings = {
				CODE_SIGN_STYLE = Automatic;
				DEBUG_INFORMATION_FORMAT = "dwarf-with-dsym";
				OTHER_CFLAGS = "";
				OTHER_LDFLAGS = "";
				PRODUCT_NAME = "$(TARGET_NAME)";
			};
			name = Release;
		};
/* End XCBuildConfiguration section */

/* Begin XCConfigurationList section */
		AC00A29D2C9DCF4C001F3ADD /* Build configuration list for PBXNativeTarget "webrogue_runtime" */ = {
			isa = XCConfigurationList;
			buildConfigurations = (
				AC00A29E2C9DCF4C001F3ADD /* Debug */,
				AC00A29F2C9DCF4C001F3ADD /* Release */,
			);
			defaultConfigurationIsVisible = 0;
			defaultConfigurationName = Debug;
		};
		AC00A2A12C9DD0A0001F3ADD /* Build configuration list for PBXLegacyTarget "cargo_macos" */ = {
			isa = XCConfigurationList;
			buildConfigurations = (
				AC00A2A22C9DD0A0001F3ADD /* Debug */,
				AC00A2A32C9DD0A0001F3ADD /* Release */,
			);
			defaultConfigurationIsVisible = 0;
			defaultConfigurationName = Debug;
		};
		AC134CE52C9D917300E52C69 /* Build configuration list for PBXNativeTarget "webrogue_launcher" */ = {
			isa = XCConfigurationList;
			buildConfigurations = (
				AC134CE62C9D917300E52C69 /* Debug */,
				AC134CE72C9D917300E52C69 /* Release */,
			);
			defaultConfigurationIsVisible = 0;
			defaultConfigurationName = Debug;
		};
		AC1FE5DF2C972E0F005F5D40 /* Build configuration list for PBXProject "webrogue" */ = {
			isa = XCConfigurationList;
			buildConfigurations = (
				AC1FE5F02C972E12005F5D40 /* Debug */,
				AC1FE5F12C972E12005F5D40 /* Release */,
			);
			defaultConfigurationIsVisible = 0;
			defaultConfigurationName = Debug;
		};
		AC1FE5F22C972E12005F5D40 /* Build configuration list for PBXNativeTarget "webrogue_ios" */ = {
			isa = XCConfigurationList;
			buildConfigurations = (
				AC1FE5F32C972E12005F5D40 /* Debug */,
				AC1FE5F42C972E12005F5D40 /* Release */,
			);
			defaultConfigurationIsVisible = 0;
			defaultConfigurationName = Debug;
		};
		AC1FE62E2C977935005F5D40 /* Build configuration list for PBXLegacyTarget "cargo_ios" */ = {
			isa = XCConfigurationList;
			buildConfigurations = (
				AC1FE62F2C977935005F5D40 /* Debug */,
				AC1FE6302C977935005F5D40 /* Release */,
			);
			defaultConfigurationIsVisible = 0;
			defaultConfigurationName = Debug;
		};
		AC1FE6502C978680005F5D40 /* Build configuration list for PBXLegacyTarget "fetch_dependencies_ios" */ = {
			isa = XCConfigurationList;
			buildConfigurations = (
				AC1FE6512C978680005F5D40 /* Debug */,
				AC1FE6522C978680005F5D40 /* Release */,
			);
			defaultConfigurationIsVisible = 0;
			defaultConfigurationName = Debug;
		};
/* End XCConfigurationList section */
	};
	rootObject = AC1FE5DC2C972E0F005F5D40 /* Project object */;
}
